
Microsoft Visual Studio Solution File, Format Version 12.00
# Visual Studio 2012
Project("{FAE04EC0-301F-11D3-BF4B-00C04F79EFBC}") = "OnlineShop", "OnlineShop\OnlineShop.csproj", "{D4B4FD2B-3CDB-475E-ADC2-D13020DAB58B}"
EndProject
Project("{FAE04EC0-301F-11D3-BF4B-00C04F79EFBC}") = "OnlineShop.Tests", "OnlineShop.Tests\OnlineShop.Tests.csproj", "{EF37A3FD-C9E0-4E3A-84B3-241C88BC4834}"
EndProject
Project("{FAE04EC0-301F-11D3-BF4B-00C04F79EFBC}") = "Models", "Models\Models.csproj", "{8C9248F0-2F73-4C37-9CD9-61D50EA8D2B6}"
EndProject
Global
	GlobalSection(SolutionConfigurationPlatforms) = preSolution
		Debug|Any CPU = Debug|Any CPU
		Release|Any CPU = Release|Any CPU
	EndGlobalSection
	GlobalSection(ProjectConfigurationPlatforms) = postSolution
		{D4B4FD2B-3CDB-475E-ADC2-D13020DAB58B}.Debug|Any CPU.ActiveCfg = Debug|Any CPU
		{D4B4FD2B-3CDB-475E-ADC2-D13020DAB58B}.Debug|Any CPU.Build.0 = Debug|Any CPU
		{D4B4FD2B-3CDB-475E-ADC2-D13020DAB58B}.Release|Any CPU.ActiveCfg = Release|Any CPU
		{D4B4FD2B-3CDB-475E-ADC2-D13020DAB58B}.Release|Any CPU.Build.0 = Release|Any CPU
		{EF37A3FD-C9E0-4E3A-84B3-241C88BC4834}.Debug|Any CPU.ActiveCfg = Debug|Any CPU
		{EF37A3FD-C9E0-4E3A-84B3-241C88BC4834}.Debug|Any CPU.Build.0 = Debug|Any CPU
		{EF37A3FD-C9E0-4E3A-84B3-241C88BC4834}.Release|Any CPU.ActiveCfg = Release|Any CPU
		{EF37A3FD-C9E0-4E3A-84B3-241C88BC4834}.Release|Any CPU.Build.0 = Release|Any CPU
		{8C9248F0-2F73-4C37-9CD9-61D50EA8D2B6}.Debug|Any CPU.ActiveCfg = Debug|Any CPU
		{8C9248F0-2F73-4C37-9CD9-61D50EA8D2B6}.Debug|Any CPU.Build.0 = Debug|Any CPU
		{8C9248F0-2F73-4C37-9CD9-61D50EA8D2B6}.Release|Any CPU.ActiveCfg = Release|Any CPU
		{8C9248F0-2F73-4C37-9CD9-61D50EA8D2B6}.Release|Any CPU.Build.0 = Release|Any CPU
	EndGlobalSection
	GlobalSection(SolutionProperties) = preSolution
		HideSolutionNode = FALSE
	EndGlobalSection
EndGlobal
